
Microsoft Visual Studio Solution File, Format Version 12.00
# Visual Studio Version 17
VisualStudioVersion = 17.11.35312.102
MinimumVisualStudioVersion = 10.0.40219.1
Project("{FAE04EC0-301F-11D3-BF4B-00C04F79EFBC}") = "ConsoleAppDemo20241009", "ConsoleAppDemo20241009\ConsoleAppDemo20241009.csproj", "{860DDAEA-B55A-4A0C-B6EA-F813FBC38E0B}"
EndProject
Global
	GlobalSection(SolutionConfigurationPlatforms) = preSolution
		Debug|Any CPU = Debug|Any CPU
		Release|Any CPU = Release|Any CPU
	EndGlobalSection
	GlobalSection(ProjectConfigurationPlatforms) = postSolution
		{860DDAEA-B55A-4A0C-B6EA-F813FBC38E0B}.Debug|Any CPU.ActiveCfg = Debug|Any CPU
		{860DDAEA-B55A-4A0C-B6EA-F813FBC38E0B}.Debug|Any CPU.Build.0 = Debug|Any CPU
		{860DDAEA-B55A-4A0C-B6EA-F813FBC38E0B}.Release|Any CPU.ActiveCfg = Release|Any CPU
		{860DDAEA-B55A-4A0C-B6EA-F813FBC38E0B}.Release|Any CPU.Build.0 = Release|Any CPU
	EndGlobalSection
	GlobalSection(SolutionProperties) = preSolution
		HideSolutionNode = FALSE
	EndGlobalSection
	GlobalSection(ExtensibilityGlobals) = postSolution
		SolutionGuid = {2D5FBEF2-A29C-4B7F-8AE9-EA744D90F1C9}
	EndGlobalSection
EndGlobal
